
Microsoft Visual Studio Solution File, Format Version 12.00
# Visual Studio 15
VisualStudioVersion = 15.0.28010.2046
MinimumVisualStudioVersion = 10.0.40219.1
Project("{FAE04EC0-301F-11D3-BF4B-00C04F79EFBC}") = "Personel_Icra_Takip_Programı", "Personel_Icra_Takip_Programı\Personel_Icra_Takip_Programı.csproj", "{9FF99F6A-1437-4C13-90AD-654423A822EC}"
EndProject
Global
	GlobalSection(SolutionConfigurationPlatforms) = preSolution
		Debug|Any CPU = Debug|Any CPU
		Release|Any CPU = Release|Any CPU
	EndGlobalSection
	GlobalSection(ProjectConfigurationPlatforms) = postSolution
		{9FF99F6A-1437-4C13-90AD-654423A822EC}.Debug|Any CPU.ActiveCfg = Debug|Any CPU
		{9FF99F6A-1437-4C13-90AD-654423A822EC}.Debug|Any CPU.Build.0 = Debug|Any CPU
		{9FF99F6A-1437-4C13-90AD-654423A822EC}.Release|Any CPU.ActiveCfg = Release|Any CPU
		{9FF99F6A-1437-4C13-90AD-654423A822EC}.Release|Any CPU.Build.0 = Release|Any CPU
	EndGlobalSection
	GlobalSection(SolutionProperties) = preSolution
		HideSolutionNode = FALSE
	EndGlobalSection
	GlobalSection(ExtensibilityGlobals) = postSolution
		SolutionGuid = {85A7D251-A0EE-429F-BC0D-A4B12D16A4D6}
	EndGlobalSection
EndGlobal
